
Microsoft Visual Studio Solution File, Format Version 12.00
# Visual Studio Version 16
VisualStudioVersion = 16.0.30320.27
MinimumVisualStudioVersion = 10.0.40219.1
Project("{FAE04EC0-301F-11D3-BF4B-00C04F79EFBC}") = "DACC", "DACC.csproj", "{31A64963-3F2E-4871-B64F-AD673B7259A5}"
EndProject
Global
	GlobalSection(SolutionConfigurationPlatforms) = preSolution
		Debug|Any CPU = Debug|Any CPU
		Release|Any CPU = Release|Any CPU
	EndGlobalSection
	GlobalSection(ProjectConfigurationPlatforms) = postSolution
		{31A64963-3F2E-4871-B64F-AD673B7259A5}.Debug|Any CPU.ActiveCfg = Debug|Any CPU
		{31A64963-3F2E-4871-B64F-AD673B7259A5}.Debug|Any CPU.Build.0 = Debug|Any CPU
		{31A64963-3F2E-4871-B64F-AD673B7259A5}.Release|Any CPU.ActiveCfg = Release|Any CPU
		{31A64963-3F2E-4871-B64F-AD673B7259A5}.Release|Any CPU.Build.0 = Release|Any CPU
	EndGlobalSection
	GlobalSection(SolutionProperties) = preSolution
		HideSolutionNode = FALSE
	EndGlobalSection
	GlobalSection(ExtensibilityGlobals) = postSolution
		SolutionGuid = {C45DE928-67A2-4585-A3EF-69F2650A3735}
	EndGlobalSection
EndGlobal
